
Microsoft Visual Studio Solution File, Format Version 12.00
# Visual Studio 15
VisualStudioVersion = 15.0.28010.2026
MinimumVisualStudioVersion = 10.0.40219.1
Project("{FAE04EC0-301F-11D3-BF4B-00C04F79EFBC}") = "MathAndComparisonOperators", "MathAndComparisonOperators\MathAndComparisonOperators.csproj", "{DAE3F69E-12CD-4CD3-9C06-67AFA4FB8630}"
EndProject
Global
	GlobalSection(SolutionConfigurationPlatforms) = preSolution
		Debug|Any CPU = Debug|Any CPU
		Release|Any CPU = Release|Any CPU
	EndGlobalSection
	GlobalSection(ProjectConfigurationPlatforms) = postSolution
		{DAE3F69E-12CD-4CD3-9C06-67AFA4FB8630}.Debug|Any CPU.ActiveCfg = Debug|Any CPU
		{DAE3F69E-12CD-4CD3-9C06-67AFA4FB8630}.Debug|Any CPU.Build.0 = Debug|Any CPU
		{DAE3F69E-12CD-4CD3-9C06-67AFA4FB8630}.Release|Any CPU.ActiveCfg = Release|Any CPU
		{DAE3F69E-12CD-4CD3-9C06-67AFA4FB8630}.Release|Any CPU.Build.0 = Release|Any CPU
	EndGlobalSection
	GlobalSection(SolutionProperties) = preSolution
		HideSolutionNode = FALSE
	EndGlobalSection
	GlobalSection(ExtensibilityGlobals) = postSolution
		SolutionGuid = {05153E26-3FC2-426E-B5BC-C706B4E8C0BF}
	EndGlobalSection
EndGlobal
